
Microsoft Visual Studio Solution File, Format Version 12.00
# Visual Studio Version 16
VisualStudioVersion = 16.0.30114.105
MinimumVisualStudioVersion = 10.0.40219.1
Project("{2150E333-8FDC-42A3-9474-1A3956D46DE8}") = "src", "src", "{20EE86A5-0643-4E5E-81BC-580353EC7893}"
EndProject
Project("{2150E333-8FDC-42A3-9474-1A3956D46DE8}") = "Core", "Core", "{41CE2FE2-7DDD-4964-9A9C-2B24FB0057C8}"
EndProject
Project("{FAE04EC0-301F-11D3-BF4B-00C04F79EFBC}") = "Domain", "src\Core\Domain\Domain.csproj", "{8F19DD51-71B1-4049-A5D8-07FB2533466D}"
EndProject
Project("{FAE04EC0-301F-11D3-BF4B-00C04F79EFBC}") = "Application", "src\Core\Application\Application.csproj", "{AFB6B371-23F2-4AB6-8F23-0C2C76148A3E}"
EndProject
Project("{2150E333-8FDC-42A3-9474-1A3956D46DE8}") = "Presentation", "Presentation", "{710013F6-81FA-4FF1-9526-EF366CE6C303}"
EndProject
Project("{FAE04EC0-301F-11D3-BF4B-00C04F79EFBC}") = "Api", "src\Presentation\Api\Api.csproj", "{744313BE-1BD9-4D19-8390-129FB3BDF6BB}"
EndProject
Project("{2150E333-8FDC-42A3-9474-1A3956D46DE8}") = "Infrastructure", "Infrastructure", "{D29D3EFD-81C5-494D-8923-21CF4ED893C9}"
EndProject
Project("{FAE04EC0-301F-11D3-BF4B-00C04F79EFBC}") = "Persistence", "src\Infrastructure\Persistence\Persistence.csproj", "{BED552BC-4C37-4A04-86C8-569F70040FFF}"
EndProject
Project("{FAE04EC0-301F-11D3-BF4B-00C04F79EFBC}") = "Shared", "src\Infrastructure\Shared\Shared.csproj", "{3192710A-1AB7-4148-B3DC-4CBA6F930A5A}"
EndProject
Global
	GlobalSection(SolutionConfigurationPlatforms) = preSolution
		Debug|Any CPU = Debug|Any CPU
		Release|Any CPU = Release|Any CPU
	EndGlobalSection
	GlobalSection(SolutionProperties) = preSolution
		HideSolutionNode = FALSE
	EndGlobalSection
	GlobalSection(ProjectConfigurationPlatforms) = postSolution
		{8F19DD51-71B1-4049-A5D8-07FB2533466D}.Debug|Any CPU.ActiveCfg = Debug|Any CPU
		{8F19DD51-71B1-4049-A5D8-07FB2533466D}.Debug|Any CPU.Build.0 = Debug|Any CPU
		{8F19DD51-71B1-4049-A5D8-07FB2533466D}.Release|Any CPU.ActiveCfg = Release|Any CPU
		{8F19DD51-71B1-4049-A5D8-07FB2533466D}.Release|Any CPU.Build.0 = Release|Any CPU
		{AFB6B371-23F2-4AB6-8F23-0C2C76148A3E}.Debug|Any CPU.ActiveCfg = Debug|Any CPU
		{AFB6B371-23F2-4AB6-8F23-0C2C76148A3E}.Debug|Any CPU.Build.0 = Debug|Any CPU
		{AFB6B371-23F2-4AB6-8F23-0C2C76148A3E}.Release|Any CPU.ActiveCfg = Release|Any CPU
		{AFB6B371-23F2-4AB6-8F23-0C2C76148A3E}.Release|Any CPU.Build.0 = Release|Any CPU
		{744313BE-1BD9-4D19-8390-129FB3BDF6BB}.Debug|Any CPU.ActiveCfg = Debug|Any CPU
		{744313BE-1BD9-4D19-8390-129FB3BDF6BB}.Debug|Any CPU.Build.0 = Debug|Any CPU
		{744313BE-1BD9-4D19-8390-129FB3BDF6BB}.Release|Any CPU.ActiveCfg = Release|Any CPU
		{744313BE-1BD9-4D19-8390-129FB3BDF6BB}.Release|Any CPU.Build.0 = Release|Any CPU
		{BED552BC-4C37-4A04-86C8-569F70040FFF}.Debug|Any CPU.ActiveCfg = Debug|Any CPU
		{BED552BC-4C37-4A04-86C8-569F70040FFF}.Debug|Any CPU.Build.0 = Debug|Any CPU
		{BED552BC-4C37-4A04-86C8-569F70040FFF}.Release|Any CPU.ActiveCfg = Release|Any CPU
		{BED552BC-4C37-4A04-86C8-569F70040FFF}.Release|Any CPU.Build.0 = Release|Any CPU
		{3192710A-1AB7-4148-B3DC-4CBA6F930A5A}.Debug|Any CPU.ActiveCfg = Debug|Any CPU
		{3192710A-1AB7-4148-B3DC-4CBA6F930A5A}.Debug|Any CPU.Build.0 = Debug|Any CPU
		{3192710A-1AB7-4148-B3DC-4CBA6F930A5A}.Release|Any CPU.ActiveCfg = Release|Any CPU
		{3192710A-1AB7-4148-B3DC-4CBA6F930A5A}.Release|Any CPU.Build.0 = Release|Any CPU
	EndGlobalSection
	GlobalSection(NestedProjects) = preSolution
		{41CE2FE2-7DDD-4964-9A9C-2B24FB0057C8} = {20EE86A5-0643-4E5E-81BC-580353EC7893}
		{8F19DD51-71B1-4049-A5D8-07FB2533466D} = {41CE2FE2-7DDD-4964-9A9C-2B24FB0057C8}
		{AFB6B371-23F2-4AB6-8F23-0C2C76148A3E} = {41CE2FE2-7DDD-4964-9A9C-2B24FB0057C8}
		{710013F6-81FA-4FF1-9526-EF366CE6C303} = {20EE86A5-0643-4E5E-81BC-580353EC7893}
		{744313BE-1BD9-4D19-8390-129FB3BDF6BB} = {710013F6-81FA-4FF1-9526-EF366CE6C303}
		{D29D3EFD-81C5-494D-8923-21CF4ED893C9} = {20EE86A5-0643-4E5E-81BC-580353EC7893}
		{BED552BC-4C37-4A04-86C8-569F70040FFF} = {D29D3EFD-81C5-494D-8923-21CF4ED893C9}
		{3192710A-1AB7-4148-B3DC-4CBA6F930A5A} = {D29D3EFD-81C5-494D-8923-21CF4ED893C9}
	EndGlobalSection
EndGlobal
